
Microsoft Visual Studio Solution File, Format Version 12.00
# Visual Studio Version 17
VisualStudioVersion = 17.10.35013.160
MinimumVisualStudioVersion = 10.0.40219.1
Project("{FAE04EC0-301F-11D3-BF4B-00C04F79EFBC}") = "AgentsRest", "AgentsRest\AgentsRest.csproj", "{3BE7269C-3ACE-42DD-BF6B-FFD61CBE6BE1}"
EndProject
Global
	GlobalSection(SolutionConfigurationPlatforms) = preSolution
		Debug|Any CPU = Debug|Any CPU
		Release|Any CPU = Release|Any CPU
	EndGlobalSection
	GlobalSection(ProjectConfigurationPlatforms) = postSolution
		{3BE7269C-3ACE-42DD-BF6B-FFD61CBE6BE1}.Debug|Any CPU.ActiveCfg = Debug|Any CPU
		{3BE7269C-3ACE-42DD-BF6B-FFD61CBE6BE1}.Debug|Any CPU.Build.0 = Debug|Any CPU
		{3BE7269C-3ACE-42DD-BF6B-FFD61CBE6BE1}.Release|Any CPU.ActiveCfg = Release|Any CPU
		{3BE7269C-3ACE-42DD-BF6B-FFD61CBE6BE1}.Release|Any CPU.Build.0 = Release|Any CPU
	EndGlobalSection
	GlobalSection(SolutionProperties) = preSolution
		HideSolutionNode = FALSE
	EndGlobalSection
	GlobalSection(ExtensibilityGlobals) = postSolution
		SolutionGuid = {F6793C30-36AF-46B3-9218-F5EE99E15FEB}
	EndGlobalSection
EndGlobal
